
Microsoft Visual Studio Solution File, Format Version 12.00
# Visual Studio Version 17
VisualStudioVersion = 17.0.31903.59
MinimumVisualStudioVersion = 10.0.40219.1
Project("{2150E333-8FDC-42A3-9474-1A3956D46DE8}") = "src", "src", "{827E0CD3-B72D-47B6-A68D-7590B98EB39B}"
EndProject
Project("{2150E333-8FDC-42A3-9474-1A3956D46DE8}") = "Modules", "Modules", "{EC447DCF-ABFA-6E24-52A5-D7FD48A5C558}"
EndProject
Project("{2150E333-8FDC-42A3-9474-1A3956D46DE8}") = "Inventory", "Inventory", "{18C073E0-6CB1-4693-3636-BFEE619A6192}"
EndProject
Project("{FAE04EC0-301F-11D3-BF4B-00C04F79EFBC}") = "ERP.Inventory.Application", "src\Modules\Inventory\ERP.Inventory.Application\ERP.Inventory.Application.csproj", "{91616FDE-7244-4C78-980A-C6651F6B01CB}"
EndProject
Project("{FAE04EC0-301F-11D3-BF4B-00C04F79EFBC}") = "ERP.Inventory.Domain", "src\Modules\Inventory\ERP.Inventory.Domain\ERP.Inventory.Domain.csproj", "{0DBBAF9B-3512-4320-9176-9649CBA47503}"
EndProject
Project("{FAE04EC0-301F-11D3-BF4B-00C04F79EFBC}") = "ERP.Inventory.Infrastructure", "src\Modules\Inventory\ERP.Inventory.Infrastructure\ERP.Inventory.Infrastructure.csproj", "{870F6752-0284-41D1-8A08-25FA0573401C}"
EndProject
Project("{FAE04EC0-301F-11D3-BF4B-00C04F79EFBC}") = "ERP.Api", "src\Presentation\ERP.Api\ERP.Api.csproj", "{584B9A38-FC72-4CEB-AA62-E0B819E8CAF1}"
EndProject
Project("{FAE04EC0-301F-11D3-BF4B-00C04F79EFBC}") = "ERP.Shared", "src\Shared\ERP.Shared\ERP.Shared.csproj", "{A94BD1B9-5F8F-498E-9FF2-26776EDA6F86}"
EndProject
Project("{2150E333-8FDC-42A3-9474-1A3956D46DE8}") = "Identity", "Identity", "{0EC62A1A-9858-3A60-8A0C-FC9AACFA2EC7}"
EndProject
Project("{FAE04EC0-301F-11D3-BF4B-00C04F79EFBC}") = "ERP.Identity.Domain", "src\Modules\Identity\ERP.Identity.Domain\ERP.Identity.Domain.csproj", "{C17E22F5-30D5-48BB-96C5-FF327E43FB69}"
EndProject
Project("{FAE04EC0-301F-11D3-BF4B-00C04F79EFBC}") = "ERP.Identity.Application", "src\Modules\Identity\ERP.Identity.Application\ERP.Identity.Application.csproj", "{63CFCC02-EF54-4AB7-9ADC-5FFDB909FB92}"
EndProject
Project("{FAE04EC0-301F-11D3-BF4B-00C04F79EFBC}") = "ERP.Identity.Infrastructure", "src\Modules\Identity\ERP.Identity.Infrastructure\ERP.Identity.Infrastructure.csproj", "{24C542A4-F608-4B06-90A8-4A2044E1DEC1}"
EndProject
Project("{2150E333-8FDC-42A3-9474-1A3956D46DE8}") = "Sales", "Sales", "{D2CAED6B-FC59-4178-6320-5EDC21A9F743}"
EndProject
Project("{FAE04EC0-301F-11D3-BF4B-00C04F79EFBC}") = "ERP.Sales.Domain", "src\Modules\Sales\ERP.Sales.Domain\ERP.Sales.Domain.csproj", "{61C89BA7-4DE7-4E04-9624-7F056ABC37EE}"
EndProject
Project("{FAE04EC0-301F-11D3-BF4B-00C04F79EFBC}") = "ERP.Sales.Infrastructure", "src\Modules\Sales\ERP.Sales.Infrastructure\ERP.Sales.Infrastructure.csproj", "{3CAF9C97-B428-4C2F-8676-7CFB5BE0EB1D}"
EndProject
Project("{FAE04EC0-301F-11D3-BF4B-00C04F79EFBC}") = "ERP.Sales.Application", "src\Modules\Sales\ERP.Sales.Application\ERP.Sales.Application.csproj", "{F68CA166-F323-4CC5-ACF3-26809ADF9D6B}"
EndProject
Global
	GlobalSection(SolutionConfigurationPlatforms) = preSolution
		Debug|Any CPU = Debug|Any CPU
		Debug|x64 = Debug|x64
		Debug|x86 = Debug|x86
		Release|Any CPU = Release|Any CPU
		Release|x64 = Release|x64
		Release|x86 = Release|x86
	EndGlobalSection
	GlobalSection(ProjectConfigurationPlatforms) = postSolution
		{91616FDE-7244-4C78-980A-C6651F6B01CB}.Debug|Any CPU.ActiveCfg = Debug|Any CPU
		{91616FDE-7244-4C78-980A-C6651F6B01CB}.Debug|Any CPU.Build.0 = Debug|Any CPU
		{91616FDE-7244-4C78-980A-C6651F6B01CB}.Debug|x64.ActiveCfg = Debug|Any CPU
		{91616FDE-7244-4C78-980A-C6651F6B01CB}.Debug|x64.Build.0 = Debug|Any CPU
		{91616FDE-7244-4C78-980A-C6651F6B01CB}.Debug|x86.ActiveCfg = Debug|Any CPU
		{91616FDE-7244-4C78-980A-C6651F6B01CB}.Debug|x86.Build.0 = Debug|Any CPU
		{91616FDE-7244-4C78-980A-C6651F6B01CB}.Release|Any CPU.ActiveCfg = Release|Any CPU
		{91616FDE-7244-4C78-980A-C6651F6B01CB}.Release|Any CPU.Build.0 = Release|Any CPU
		{91616FDE-7244-4C78-980A-C6651F6B01CB}.Release|x64.ActiveCfg = Release|Any CPU
		{91616FDE-7244-4C78-980A-C6651F6B01CB}.Release|x64.Build.0 = Release|Any CPU
		{91616FDE-7244-4C78-980A-C6651F6B01CB}.Release|x86.ActiveCfg = Release|Any CPU
		{91616FDE-7244-4C78-980A-C6651F6B01CB}.Release|x86.Build.0 = Release|Any CPU
		{0DBBAF9B-3512-4320-9176-9649CBA47503}.Debug|Any CPU.ActiveCfg = Debug|Any CPU
		{0DBBAF9B-3512-4320-9176-9649CBA47503}.Debug|Any CPU.Build.0 = Debug|Any CPU
		{0DBBAF9B-3512-4320-9176-9649CBA47503}.Debug|x64.ActiveCfg = Debug|Any CPU
		{0DBBAF9B-3512-4320-9176-9649CBA47503}.Debug|x64.Build.0 = Debug|Any CPU
		{0DBBAF9B-3512-4320-9176-9649CBA47503}.Debug|x86.ActiveCfg = Debug|Any CPU
		{0DBBAF9B-3512-4320-9176-9649CBA47503}.Debug|x86.Build.0 = Debug|Any CPU
		{0DBBAF9B-3512-4320-9176-9649CBA47503}.Release|Any CPU.ActiveCfg = Release|Any CPU
		{0DBBAF9B-3512-4320-9176-9649CBA47503}.Release|Any CPU.Build.0 = Release|Any CPU
		{0DBBAF9B-3512-4320-9176-9649CBA47503}.Release|x64.ActiveCfg = Release|Any CPU
		{0DBBAF9B-3512-4320-9176-9649CBA47503}.Release|x64.Build.0 = Release|Any CPU
		{0DBBAF9B-3512-4320-9176-9649CBA47503}.Release|x86.ActiveCfg = Release|Any CPU
		{0DBBAF9B-3512-4320-9176-9649CBA47503}.Release|x86.Build.0 = Release|Any CPU
		{870F6752-0284-41D1-8A08-25FA0573401C}.Debug|Any CPU.ActiveCfg = Debug|Any CPU
		{870F6752-0284-41D1-8A08-25FA0573401C}.Debug|Any CPU.Build.0 = Debug|Any CPU
		{870F6752-0284-41D1-8A08-25FA0573401C}.Debug|x64.ActiveCfg = Debug|Any CPU
		{870F6752-0284-41D1-8A08-25FA0573401C}.Debug|x64.Build.0 = Debug|Any CPU
		{870F6752-0284-41D1-8A08-25FA0573401C}.Debug|x86.ActiveCfg = Debug|Any CPU
		{870F6752-0284-41D1-8A08-25FA0573401C}.Debug|x86.Build.0 = Debug|Any CPU
		{870F6752-0284-41D1-8A08-25FA0573401C}.Release|Any CPU.ActiveCfg = Release|Any CPU
		{870F6752-0284-41D1-8A08-25FA0573401C}.Release|Any CPU.Build.0 = Release|Any CPU
		{870F6752-0284-41D1-8A08-25FA0573401C}.Release|x64.ActiveCfg = Release|Any CPU
		{870F6752-0284-41D1-8A08-25FA0573401C}.Release|x64.Build.0 = Release|Any CPU
		{870F6752-0284-41D1-8A08-25FA0573401C}.Release|x86.ActiveCfg = Release|Any CPU
		{870F6752-0284-41D1-8A08-25FA0573401C}.Release|x86.Build.0 = Release|Any CPU
		{584B9A38-FC72-4CEB-AA62-E0B819E8CAF1}.Debug|Any CPU.ActiveCfg = Debug|Any CPU
		{584B9A38-FC72-4CEB-AA62-E0B819E8CAF1}.Debug|Any CPU.Build.0 = Debug|Any CPU
		{584B9A38-FC72-4CEB-AA62-E0B819E8CAF1}.Debug|x64.ActiveCfg = Debug|Any CPU
		{584B9A38-FC72-4CEB-AA62-E0B819E8CAF1}.Debug|x64.Build.0 = Debug|Any CPU
		{584B9A38-FC72-4CEB-AA62-E0B819E8CAF1}.Debug|x86.ActiveCfg = Debug|Any CPU
		{584B9A38-FC72-4CEB-AA62-E0B819E8CAF1}.Debug|x86.Build.0 = Debug|Any CPU
		{584B9A38-FC72-4CEB-AA62-E0B819E8CAF1}.Release|Any CPU.ActiveCfg = Release|Any CPU
		{584B9A38-FC72-4CEB-AA62-E0B819E8CAF1}.Release|Any CPU.Build.0 = Release|Any CPU
		{584B9A38-FC72-4CEB-AA62-E0B819E8CAF1}.Release|x64.ActiveCfg = Release|Any CPU
		{584B9A38-FC72-4CEB-AA62-E0B819E8CAF1}.Release|x64.Build.0 = Release|Any CPU
		{584B9A38-FC72-4CEB-AA62-E0B819E8CAF1}.Release|x86.ActiveCfg = Release|Any CPU
		{584B9A38-FC72-4CEB-AA62-E0B819E8CAF1}.Release|x86.Build.0 = Release|Any CPU
		{A94BD1B9-5F8F-498E-9FF2-26776EDA6F86}.Debug|Any CPU.ActiveCfg = Debug|Any CPU
		{A94BD1B9-5F8F-498E-9FF2-26776EDA6F86}.Debug|Any CPU.Build.0 = Debug|Any CPU
		{A94BD1B9-5F8F-498E-9FF2-26776EDA6F86}.Debug|x64.ActiveCfg = Debug|Any CPU
		{A94BD1B9-5F8F-498E-9FF2-26776EDA6F86}.Debug|x64.Build.0 = Debug|Any CPU
		{A94BD1B9-5F8F-498E-9FF2-26776EDA6F86}.Debug|x86.ActiveCfg = Debug|Any CPU
		{A94BD1B9-5F8F-498E-9FF2-26776EDA6F86}.Debug|x86.Build.0 = Debug|Any CPU
		{A94BD1B9-5F8F-498E-9FF2-26776EDA6F86}.Release|Any CPU.ActiveCfg = Release|Any CPU
		{A94BD1B9-5F8F-498E-9FF2-26776EDA6F86}.Release|Any CPU.Build.0 = Release|Any CPU
		{A94BD1B9-5F8F-498E-9FF2-26776EDA6F86}.Release|x64.ActiveCfg = Release|Any CPU
		{A94BD1B9-5F8F-498E-9FF2-26776EDA6F86}.Release|x64.Build.0 = Release|Any CPU
		{A94BD1B9-5F8F-498E-9FF2-26776EDA6F86}.Release|x86.ActiveCfg = Release|Any CPU
		{A94BD1B9-5F8F-498E-9FF2-26776EDA6F86}.Release|x86.Build.0 = Release|Any CPU
		{C17E22F5-30D5-48BB-96C5-FF327E43FB69}.Debug|Any CPU.ActiveCfg = Debug|Any CPU
		{C17E22F5-30D5-48BB-96C5-FF327E43FB69}.Debug|Any CPU.Build.0 = Debug|Any CPU
		{C17E22F5-30D5-48BB-96C5-FF327E43FB69}.Debug|x64.ActiveCfg = Debug|Any CPU
		{C17E22F5-30D5-48BB-96C5-FF327E43FB69}.Debug|x64.Build.0 = Debug|Any CPU
		{C17E22F5-30D5-48BB-96C5-FF327E43FB69}.Debug|x86.ActiveCfg = Debug|Any CPU
		{C17E22F5-30D5-48BB-96C5-FF327E43FB69}.Debug|x86.Build.0 = Debug|Any CPU
		{C17E22F5-30D5-48BB-96C5-FF327E43FB69}.Release|Any CPU.ActiveCfg = Release|Any CPU
		{C17E22F5-30D5-48BB-96C5-FF327E43FB69}.Release|Any CPU.Build.0 = Release|Any CPU
		{C17E22F5-30D5-48BB-96C5-FF327E43FB69}.Release|x64.ActiveCfg = Release|Any CPU
		{C17E22F5-30D5-48BB-96C5-FF327E43FB69}.Release|x64.Build.0 = Release|Any CPU
		{C17E22F5-30D5-48BB-96C5-FF327E43FB69}.Release|x86.ActiveCfg = Release|Any CPU
		{C17E22F5-30D5-48BB-96C5-FF327E43FB69}.Release|x86.Build.0 = Release|Any CPU
		{63CFCC02-EF54-4AB7-9ADC-5FFDB909FB92}.Debug|Any CPU.ActiveCfg = Debug|Any CPU
		{63CFCC02-EF54-4AB7-9ADC-5FFDB909FB92}.Debug|Any CPU.Build.0 = Debug|Any CPU
		{63CFCC02-EF54-4AB7-9ADC-5FFDB909FB92}.Debug|x64.ActiveCfg = Debug|Any CPU
		{63CFCC02-EF54-4AB7-9ADC-5FFDB909FB92}.Debug|x64.Build.0 = Debug|Any CPU
		{63CFCC02-EF54-4AB7-9ADC-5FFDB909FB92}.Debug|x86.ActiveCfg = Debug|Any CPU
		{63CFCC02-EF54-4AB7-9ADC-5FFDB909FB92}.Debug|x86.Build.0 = Debug|Any CPU
		{63CFCC02-EF54-4AB7-9ADC-5FFDB909FB92}.Release|Any CPU.ActiveCfg = Release|Any CPU
		{63CFCC02-EF54-4AB7-9ADC-5FFDB909FB92}.Release|Any CPU.Build.0 = Release|Any CPU
		{63CFCC02-EF54-4AB7-9ADC-5FFDB909FB92}.Release|x64.ActiveCfg = Release|Any CPU
		{63CFCC02-EF54-4AB7-9ADC-5FFDB909FB92}.Release|x64.Build.0 = Release|Any CPU
		{63CFCC02-EF54-4AB7-9ADC-5FFDB909FB92}.Release|x86.ActiveCfg = Release|Any CPU
		{63CFCC02-EF54-4AB7-9ADC-5FFDB909FB92}.Release|x86.Build.0 = Release|Any CPU
		{24C542A4-F608-4B06-90A8-4A2044E1DEC1}.Debug|Any CPU.ActiveCfg = Debug|Any CPU
		{24C542A4-F608-4B06-90A8-4A2044E1DEC1}.Debug|Any CPU.Build.0 = Debug|Any CPU
		{24C542A4-F608-4B06-90A8-4A2044E1DEC1}.Debug|x64.ActiveCfg = Debug|Any CPU
		{24C542A4-F608-4B06-90A8-4A2044E1DEC1}.Debug|x64.Build.0 = Debug|Any CPU
		{24C542A4-F608-4B06-90A8-4A2044E1DEC1}.Debug|x86.ActiveCfg = Debug|Any CPU
		{24C542A4-F608-4B06-90A8-4A2044E1DEC1}.Debug|x86.Build.0 = Debug|Any CPU
		{24C542A4-F608-4B06-90A8-4A2044E1DEC1}.Release|Any CPU.ActiveCfg = Release|Any CPU
		{24C542A4-F608-4B06-90A8-4A2044E1DEC1}.Release|Any CPU.Build.0 = Release|Any CPU
		{24C542A4-F608-4B06-90A8-4A2044E1DEC1}.Release|x64.ActiveCfg = Release|Any CPU
		{24C542A4-F608-4B06-90A8-4A2044E1DEC1}.Release|x64.Build.0 = Release|Any CPU
		{24C542A4-F608-4B06-90A8-4A2044E1DEC1}.Release|x86.ActiveCfg = Release|Any CPU
		{24C542A4-F608-4B06-90A8-4A2044E1DEC1}.Release|x86.Build.0 = Release|Any CPU
		{61C89BA7-4DE7-4E04-9624-7F056ABC37EE}.Debug|Any CPU.ActiveCfg = Debug|Any CPU
		{61C89BA7-4DE7-4E04-9624-7F056ABC37EE}.Debug|Any CPU.Build.0 = Debug|Any CPU
		{61C89BA7-4DE7-4E04-9624-7F056ABC37EE}.Debug|x64.ActiveCfg = Debug|Any CPU
		{61C89BA7-4DE7-4E04-9624-7F056ABC37EE}.Debug|x64.Build.0 = Debug|Any CPU
		{61C89BA7-4DE7-4E04-9624-7F056ABC37EE}.Debug|x86.ActiveCfg = Debug|Any CPU
		{61C89BA7-4DE7-4E04-9624-7F056ABC37EE}.Debug|x86.Build.0 = Debug|Any CPU
		{61C89BA7-4DE7-4E04-9624-7F056ABC37EE}.Release|Any CPU.ActiveCfg = Release|Any CPU
		{61C89BA7-4DE7-4E04-9624-7F056ABC37EE}.Release|Any CPU.Build.0 = Release|Any CPU
		{61C89BA7-4DE7-4E04-9624-7F056ABC37EE}.Release|x64.ActiveCfg = Release|Any CPU
		{61C89BA7-4DE7-4E04-9624-7F056ABC37EE}.Release|x64.Build.0 = Release|Any CPU
		{61C89BA7-4DE7-4E04-9624-7F056ABC37EE}.Release|x86.ActiveCfg = Release|Any CPU
		{61C89BA7-4DE7-4E04-9624-7F056ABC37EE}.Release|x86.Build.0 = Release|Any CPU
		{3CAF9C97-B428-4C2F-8676-7CFB5BE0EB1D}.Debug|Any CPU.ActiveCfg = Debug|Any CPU
		{3CAF9C97-B428-4C2F-8676-7CFB5BE0EB1D}.Debug|Any CPU.Build.0 = Debug|Any CPU
		{3CAF9C97-B428-4C2F-8676-7CFB5BE0EB1D}.Debug|x64.ActiveCfg = Debug|Any CPU
		{3CAF9C97-B428-4C2F-8676-7CFB5BE0EB1D}.Debug|x64.Build.0 = Debug|Any CPU
		{3CAF9C97-B428-4C2F-8676-7CFB5BE0EB1D}.Debug|x86.ActiveCfg = Debug|Any CPU
		{3CAF9C97-B428-4C2F-8676-7CFB5BE0EB1D}.Debug|x86.Build.0 = Debug|Any CPU
		{3CAF9C97-B428-4C2F-8676-7CFB5BE0EB1D}.Release|Any CPU.ActiveCfg = Release|Any CPU
		{3CAF9C97-B428-4C2F-8676-7CFB5BE0EB1D}.Release|Any CPU.Build.0 = Release|Any CPU
		{3CAF9C97-B428-4C2F-8676-7CFB5BE0EB1D}.Release|x64.ActiveCfg = Release|Any CPU
		{3CAF9C97-B428-4C2F-8676-7CFB5BE0EB1D}.Release|x64.Build.0 = Release|Any CPU
		{3CAF9C97-B428-4C2F-8676-7CFB5BE0EB1D}.Release|x86.ActiveCfg = Release|Any CPU
		{3CAF9C97-B428-4C2F-8676-7CFB5BE0EB1D}.Release|x86.Build.0 = Release|Any CPU
		{F68CA166-F323-4CC5-ACF3-26809ADF9D6B}.Debug|Any CPU.ActiveCfg = Debug|Any CPU
		{F68CA166-F323-4CC5-ACF3-26809ADF9D6B}.Debug|Any CPU.Build.0 = Debug|Any CPU
		{F68CA166-F323-4CC5-ACF3-26809ADF9D6B}.Debug|x64.ActiveCfg = Debug|Any CPU
		{F68CA166-F323-4CC5-ACF3-26809ADF9D6B}.Debug|x64.Build.0 = Debug|Any CPU
		{F68CA166-F323-4CC5-ACF3-26809ADF9D6B}.Debug|x86.ActiveCfg = Debug|Any CPU
		{F68CA166-F323-4CC5-ACF3-26809ADF9D6B}.Debug|x86.Build.0 = Debug|Any CPU
		{F68CA166-F323-4CC5-ACF3-26809ADF9D6B}.Release|Any CPU.ActiveCfg = Release|Any CPU
		{F68CA166-F323-4CC5-ACF3-26809ADF9D6B}.Release|Any CPU.Build.0 = Release|Any CPU
		{F68CA166-F323-4CC5-ACF3-26809ADF9D6B}.Release|x64.ActiveCfg = Release|Any CPU
		{F68CA166-F323-4CC5-ACF3-26809ADF9D6B}.Release|x64.Build.0 = Release|Any CPU
		{F68CA166-F323-4CC5-ACF3-26809ADF9D6B}.Release|x86.ActiveCfg = Release|Any CPU
		{F68CA166-F323-4CC5-ACF3-26809ADF9D6B}.Release|x86.Build.0 = Release|Any CPU
	EndGlobalSection
	GlobalSection(SolutionProperties) = preSolution
		HideSolutionNode = FALSE
	EndGlobalSection
	GlobalSection(NestedProjects) = preSolution
		{EC447DCF-ABFA-6E24-52A5-D7FD48A5C558} = {827E0CD3-B72D-47B6-A68D-7590B98EB39B}
		{18C073E0-6CB1-4693-3636-BFEE619A6192} = {EC447DCF-ABFA-6E24-52A5-D7FD48A5C558}
		{91616FDE-7244-4C78-980A-C6651F6B01CB} = {18C073E0-6CB1-4693-3636-BFEE619A6192}
		{0DBBAF9B-3512-4320-9176-9649CBA47503} = {18C073E0-6CB1-4693-3636-BFEE619A6192}
		{870F6752-0284-41D1-8A08-25FA0573401C} = {18C073E0-6CB1-4693-3636-BFEE619A6192}
		{584B9A38-FC72-4CEB-AA62-E0B819E8CAF1} = {18C073E0-6CB1-4693-3636-BFEE619A6192}
		{A94BD1B9-5F8F-498E-9FF2-26776EDA6F86} = {18C073E0-6CB1-4693-3636-BFEE619A6192}
		{0EC62A1A-9858-3A60-8A0C-FC9AACFA2EC7} = {EC447DCF-ABFA-6E24-52A5-D7FD48A5C558}
		{C17E22F5-30D5-48BB-96C5-FF327E43FB69} = {0EC62A1A-9858-3A60-8A0C-FC9AACFA2EC7}
		{63CFCC02-EF54-4AB7-9ADC-5FFDB909FB92} = {0EC62A1A-9858-3A60-8A0C-FC9AACFA2EC7}
		{24C542A4-F608-4B06-90A8-4A2044E1DEC1} = {0EC62A1A-9858-3A60-8A0C-FC9AACFA2EC7}
		{D2CAED6B-FC59-4178-6320-5EDC21A9F743} = {EC447DCF-ABFA-6E24-52A5-D7FD48A5C558}
		{61C89BA7-4DE7-4E04-9624-7F056ABC37EE} = {D2CAED6B-FC59-4178-6320-5EDC21A9F743}
		{3CAF9C97-B428-4C2F-8676-7CFB5BE0EB1D} = {D2CAED6B-FC59-4178-6320-5EDC21A9F743}
		{F68CA166-F323-4CC5-ACF3-26809ADF9D6B} = {D2CAED6B-FC59-4178-6320-5EDC21A9F743}
	EndGlobalSection
EndGlobal
